// !$*UTF8*$!
{
	archiveVersion = 1;
	classes = {
	};
	objectVersion = 55;
	objects = {

/* Begin PBXBuildFile section */
		953401DE28D23DB100B75740 /* Koin.swift in Sources */ = {isa = PBXBuildFile; fileRef = 953401DD28D23DB100B75740 /* Koin.swift */; };
		953401E628D3460C00B75740 /* ViewModelProxy.swift in Sources */ = {isa = PBXBuildFile; fileRef = 953401E528D3460C00B75740 /* ViewModelProxy.swift */; };
		953401E828D362E400B75740 /* CartStepper.swift in Sources */ = {isa = PBXBuildFile; fileRef = 953401E728D362E400B75740 /* CartStepper.swift */; };
		953AAE4727DD649400EBCACB /* ProductScreen.swift in Sources */ = {isa = PBXBuildFile; fileRef = 953AAE4627DD649400EBCACB /* ProductScreen.swift */; };
		95969B9F27DF6174005C74F7 /* IOSNavigationManager.swift in Sources */ = {isa = PBXBuildFile; fileRef = 95969B9E27DF6174005C74F7 /* IOSNavigationManager.swift */; };
		95A8B31028D09D5A005231B9 /* SearchScreen.swift in Sources */ = {isa = PBXBuildFile; fileRef = 95A8B30F28D09D5A005231B9 /* SearchScreen.swift */; };
		95A8B31328D0ACB4005231B9 /* ProductsList.swift in Sources */ = {isa = PBXBuildFile; fileRef = 95A8B31228D0ACB4005231B9 /* ProductsList.swift */; };
		95A8B31528D0BED8005231B9 /* Screen.swift in Sources */ = {isa = PBXBuildFile; fileRef = 95A8B31428D0BED8005231B9 /* Screen.swift */; };
		95B0331328CF8D000095CC6F /* MainScreen.swift in Sources */ = {isa = PBXBuildFile; fileRef = 95B0331228CF8D000095CC6F /* MainScreen.swift */; };
		95B0331628CF95EE0095CC6F /* FlowWrapper.swift in Sources */ = {isa = PBXBuildFile; fileRef = 95B0331528CF95EE0095CC6F /* FlowWrapper.swift */; };
		95D2442027DAACEB00B5B5AD /* HomeScreen.swift in Sources */ = {isa = PBXBuildFile; fileRef = 95D2441F27DAACEB00B5B5AD /* HomeScreen.swift */; };
		95E3376E27DA7B6B007F01A9 /* WCStoreAppApp.swift in Sources */ = {isa = PBXBuildFile; fileRef = 95E3376D27DA7B6B007F01A9 /* WCStoreAppApp.swift */; };
		95E3377227DA7B6E007F01A9 /* Assets.xcassets in Resources */ = {isa = PBXBuildFile; fileRef = 95E3377127DA7B6E007F01A9 /* Assets.xcassets */; };
		95E3377527DA7B6E007F01A9 /* Preview Assets.xcassets in Resources */ = {isa = PBXBuildFile; fileRef = 95E3377427DA7B6E007F01A9 /* Preview Assets.xcassets */; };
		ABF4CD76786B683D04208A5F /* Pods_WCStoreApp.framework in Frameworks */ = {isa = PBXBuildFile; fileRef = 704B8430B72440FD0ABA88CE /* Pods_WCStoreApp.framework */; };
/* End PBXBuildFile section */

/* Begin PBXFileReference section */
		704B8430B72440FD0ABA88CE /* Pods_WCStoreApp.framework */ = {isa = PBXFileReference; explicitFileType = wrapper.framework; includeInIndex = 0; path = Pods_WCStoreApp.framework; sourceTree = BUILT_PRODUCTS_DIR; };
		7CC653707D5DE508F41F3A55 /* Pods-WCStoreApp.debug.xcconfig */ = {isa = PBXFileReference; includeInIndex = 1; lastKnownFileType = text.xcconfig; name = "Pods-WCStoreApp.debug.xcconfig"; path = "Target Support Files/Pods-WCStoreApp/Pods-WCStoreApp.debug.xcconfig"; sourceTree = "<group>"; };
		953401DD28D23DB100B75740 /* Koin.swift */ = {isa = PBXFileReference; lastKnownFileType = sourcecode.swift; path = Koin.swift; sourceTree = "<group>"; };
		953401E528D3460C00B75740 /* ViewModelProxy.swift */ = {isa = PBXFileReference; fileEncoding = 4; lastKnownFileType = sourcecode.swift; path = ViewModelProxy.swift; sourceTree = "<group>"; };
		953401E728D362E400B75740 /* CartStepper.swift */ = {isa = PBXFileReference; fileEncoding = 4; lastKnownFileType = sourcecode.swift; path = CartStepper.swift; sourceTree = "<group>"; };
		953AAE4627DD649400EBCACB /* ProductScreen.swift */ = {isa = PBXFileReference; lastKnownFileType = sourcecode.swift; path = ProductScreen.swift; sourceTree = "<group>"; };
		95969B9E27DF6174005C74F7 /* IOSNavigationManager.swift */ = {isa = PBXFileReference; lastKnownFileType = sourcecode.swift; path = IOSNavigationManager.swift; sourceTree = "<group>"; };
		95A8B30F28D09D5A005231B9 /* SearchScreen.swift */ = {isa = PBXFileReference; lastKnownFileType = sourcecode.swift; path = SearchScreen.swift; sourceTree = "<group>"; };
		95A8B31228D0ACB4005231B9 /* ProductsList.swift */ = {isa = PBXFileReference; lastKnownFileType = sourcecode.swift; path = ProductsList.swift; sourceTree = "<group>"; };
		95A8B31428D0BED8005231B9 /* Screen.swift */ = {isa = PBXFileReference; lastKnownFileType = sourcecode.swift; path = Screen.swift; sourceTree = "<group>"; };
		95B0331228CF8D000095CC6F /* MainScreen.swift */ = {isa = PBXFileReference; lastKnownFileType = sourcecode.swift; path = MainScreen.swift; sourceTree = "<group>"; };
		95B0331528CF95EE0095CC6F /* FlowWrapper.swift */ = {isa = PBXFileReference; lastKnownFileType = sourcecode.swift; path = FlowWrapper.swift; sourceTree = "<group>"; };
		95D2441F27DAACEB00B5B5AD /* HomeScreen.swift */ = {isa = PBXFileReference; lastKnownFileType = sourcecode.swift; path = HomeScreen.swift; sourceTree = "<group>"; };
		95E3376A27DA7B6B007F01A9 /* WCStoreApp.app */ = {isa = PBXFileReference; explicitFileType = wrapper.application; includeInIndex = 0; path = WCStoreApp.app; sourceTree = BUILT_PRODUCTS_DIR; };
		95E3376D27DA7B6B007F01A9 /* WCStoreAppApp.swift */ = {isa = PBXFileReference; lastKnownFileType = sourcecode.swift; path = WCStoreAppApp.swift; sourceTree = "<group>"; };
		95E3377127DA7B6E007F01A9 /* Assets.xcassets */ = {isa = PBXFileReference; lastKnownFileType = folder.assetcatalog; path = Assets.xcassets; sourceTree = "<group>"; };
		95E3377427DA7B6E007F01A9 /* Preview Assets.xcassets */ = {isa = PBXFileReference; lastKnownFileType = folder.assetcatalog; path = "Preview Assets.xcassets"; sourceTree = "<group>"; };
		DDF28F2A1714B61B418E906A /* Pods-WCStoreApp.release.xcconfig */ = {isa = PBXFileReference; includeInIndex = 1; lastKnownFileType = text.xcconfig; name = "Pods-WCStoreApp.release.xcconfig"; path = "Target Support Files/Pods-WCStoreApp/Pods-WCStoreApp.release.xcconfig"; sourceTree = "<group>"; };
/* End PBXFileReference section */

/* Begin PBXFrameworksBuildPhase section */
		95E3376727DA7B6B007F01A9 /* Frameworks */ = {
			isa = PBXFrameworksBuildPhase;
			buildActionMask = 2147483647;
			files = (
				ABF4CD76786B683D04208A5F /* Pods_WCStoreApp.framework in Frameworks */,
			);
			runOnlyForDeploymentPostprocessing = 0;
		};
/* End PBXFrameworksBuildPhase section */

/* Begin PBXGroup section */
		234964CCAA8346D434FA741B /* Frameworks */ = {
			isa = PBXGroup;
			children = (
				704B8430B72440FD0ABA88CE /* Pods_WCStoreApp.framework */,
			);
			name = Frameworks;
			sourceTree = "<group>";
		};
		623B14885358F47A7C86854C /* Pods */ = {
			isa = PBXGroup;
			children = (
				7CC653707D5DE508F41F3A55 /* Pods-WCStoreApp.debug.xcconfig */,
				DDF28F2A1714B61B418E906A /* Pods-WCStoreApp.release.xcconfig */,
			);
			path = Pods;
			sourceTree = "<group>";
		};
		953AAE4527DD648000EBCACB /* ProductDetails */ = {
			isa = PBXGroup;
			children = (
				953AAE4627DD649400EBCACB /* ProductScreen.swift */,
			);
			path = ProductDetails;
			sourceTree = "<group>";
		};
		95A8B30E28D09D4A005231B9 /* Search */ = {
			isa = PBXGroup;
			children = (
				95A8B30F28D09D5A005231B9 /* SearchScreen.swift */,
			);
			path = Search;
			sourceTree = "<group>";
		};
		95A8B31128D0ACA4005231B9 /* Views */ = {
			isa = PBXGroup;
			children = (
				953401E728D362E400B75740 /* CartStepper.swift */,
				95A8B31228D0ACB4005231B9 /* ProductsList.swift */,
				95A8B31428D0BED8005231B9 /* Screen.swift */,
			);
			path = Views;
			sourceTree = "<group>";
		};
		95B0331028CF8CE30095CC6F /* Main */ = {
			isa = PBXGroup;
			children = (
				95B0331228CF8D000095CC6F /* MainScreen.swift */,
			);
			path = Main;
			sourceTree = "<group>";
		};
		95B0331428CF95D70095CC6F /* Utils */ = {
			isa = PBXGroup;
			children = (
				953401E528D3460C00B75740 /* ViewModelProxy.swift */,
				95B0331528CF95EE0095CC6F /* FlowWrapper.swift */,
				953401DD28D23DB100B75740 /* Koin.swift */,
			);
			path = Utils;
			sourceTree = "<group>";
		};
		95D2441B27DAA61700B5B5AD /* Features */ = {
			isa = PBXGroup;
			children = (
				95A8B30E28D09D4A005231B9 /* Search */,
				95B0331028CF8CE30095CC6F /* Main */,
				953AAE4527DD648000EBCACB /* ProductDetails */,
				95D2441C27DAA62200B5B5AD /* Home */,
			);
			path = Features;
			sourceTree = "<group>";
		};
		95D2441C27DAA62200B5B5AD /* Home */ = {
			isa = PBXGroup;
			children = (
				95D2441F27DAACEB00B5B5AD /* HomeScreen.swift */,
			);
			path = Home;
			sourceTree = "<group>";
		};
		95E3376127DA7B6B007F01A9 = {
			isa = PBXGroup;
			children = (
				95E3376C27DA7B6B007F01A9 /* WCStoreApp */,
				95E3376B27DA7B6B007F01A9 /* Products */,
				623B14885358F47A7C86854C /* Pods */,
				234964CCAA8346D434FA741B /* Frameworks */,
			);
			sourceTree = "<group>";
		};
		95E3376B27DA7B6B007F01A9 /* Products */ = {
			isa = PBXGroup;
			children = (
				95E3376A27DA7B6B007F01A9 /* WCStoreApp.app */,
			);
			name = Products;
			sourceTree = "<group>";
		};
		95E3376C27DA7B6B007F01A9 /* WCStoreApp */ = {
			isa = PBXGroup;
			children = (
				95A8B31128D0ACA4005231B9 /* Views */,
				95B0331428CF95D70095CC6F /* Utils */,
				95D2441B27DAA61700B5B5AD /* Features */,
				95E3376D27DA7B6B007F01A9 /* WCStoreAppApp.swift */,
				95E3377127DA7B6E007F01A9 /* Assets.xcassets */,
				95E3377327DA7B6E007F01A9 /* Preview Content */,
				95969B9E27DF6174005C74F7 /* IOSNavigationManager.swift */,
			);
			path = WCStoreApp;
			sourceTree = "<group>";
		};
		95E3377327DA7B6E007F01A9 /* Preview Content */ = {
			isa = PBXGroup;
			children = (
				95E3377427DA7B6E007F01A9 /* Preview Assets.xcassets */,
			);
			path = "Preview Content";
			sourceTree = "<group>";
		};
/* End PBXGroup section */

/* Begin PBXNativeTarget section */
		95E3376927DA7B6B007F01A9 /* WCStoreApp */ = {
			isa = PBXNativeTarget;
			buildConfigurationList = 95E3377827DA7B6E007F01A9 /* Build configuration list for PBXNativeTarget "WCStoreApp" */;
			buildPhases = (
				D8646D4ABE2F4FD2E3C85F8C /* [CP] Check Pods Manifest.lock */,
				95E3376627DA7B6B007F01A9 /* Sources */,
				95E3376727DA7B6B007F01A9 /* Frameworks */,
				95E3376827DA7B6B007F01A9 /* Resources */,
				5C687B328F2417F943E07026 /* [CP] Embed Pods Frameworks */,
			);
			buildRules = (
			);
			dependencies = (
			);
			name = WCStoreApp;
			productName = WCStoreApp;
			productReference = 95E3376A27DA7B6B007F01A9 /* WCStoreApp.app */;
			productType = "com.apple.product-type.application";
		};
/* End PBXNativeTarget section */

/* Begin PBXProject section */
		95E3376227DA7B6B007F01A9 /* Project object */ = {
			isa = PBXProject;
			attributes = {
				BuildIndependentTargetsInParallel = 1;
				LastSwiftUpdateCheck = 1320;
				LastUpgradeCheck = 1320;
				TargetAttributes = {
					95E3376927DA7B6B007F01A9 = {
						CreatedOnToolsVersion = 13.2.1;
					};
				};
			};
			buildConfigurationList = 95E3376527DA7B6B007F01A9 /* Build configuration list for PBXProject "WCStoreApp" */;
			compatibilityVersion = "Xcode 13.0";
			developmentRegion = en;
			hasScannedForEncodings = 0;
			knownRegions = (
				en,
				Base,
			);
			mainGroup = 95E3376127DA7B6B007F01A9;
			productRefGroup = 95E3376B27DA7B6B007F01A9 /* Products */;
			projectDirPath = "";
			projectRoot = "";
			targets = (
				95E3376927DA7B6B007F01A9 /* WCStoreApp */,
			);
		};
/* End PBXProject section */

/* Begin PBXResourcesBuildPhase section */
		95E3376827DA7B6B007F01A9 /* Resources */ = {
			isa = PBXResourcesBuildPhase;
			buildActionMask = 2147483647;
			files = (
				95E3377527DA7B6E007F01A9 /* Preview Assets.xcassets in Resources */,
				95E3377227DA7B6E007F01A9 /* Assets.xcassets in Resources */,
			);
			runOnlyForDeploymentPostprocessing = 0;
		};
/* End PBXResourcesBuildPhase section */

/* Begin PBXShellScriptBuildPhase section */
		5C687B328F2417F943E07026 /* [CP] Embed Pods Frameworks */ = {
			isa = PBXShellScriptBuildPhase;
			buildActionMask = 2147483647;
			files = (
			);
			inputFileListPaths = (
				"${PODS_ROOT}/Target Support Files/Pods-WCStoreApp/Pods-WCStoreApp-frameworks-${CONFIGURATION}-input-files.xcfilelist",
			);
			name = "[CP] Embed Pods Frameworks";
			outputFileListPaths = (
				"${PODS_ROOT}/Target Support Files/Pods-WCStoreApp/Pods-WCStoreApp-frameworks-${CONFIGURATION}-output-files.xcfilelist",
			);
			runOnlyForDeploymentPostprocessing = 0;
			shellPath = /bin/sh;
			shellScript = "\"${PODS_ROOT}/Target Support Files/Pods-WCStoreApp/Pods-WCStoreApp-frameworks.sh\"\n";
			showEnvVarsInLog = 0;
		};
		D8646D4ABE2F4FD2E3C85F8C /* [CP] Check Pods Manifest.lock */ = {
			isa = PBXShellScriptBuildPhase;
			buildActionMask = 2147483647;
			files = (
			);
			inputFileListPaths = (
			);
			inputPaths = (
				"${PODS_PODFILE_DIR_PATH}/Podfile.lock",
				"${PODS_ROOT}/Manifest.lock",
			);
			name = "[CP] Check Pods Manifest.lock";
			outputFileListPaths = (
			);
			outputPaths = (
				"$(DERIVED_FILE_DIR)/Pods-WCStoreApp-checkManifestLockResult.txt",
			);
			runOnlyForDeploymentPostprocessing = 0;
			shellPath = /bin/sh;
			shellScript = "diff \"${PODS_PODFILE_DIR_PATH}/Podfile.lock\" \"${PODS_ROOT}/Manifest.lock\" > /dev/null\nif [ $? != 0 ] ; then\n    # print error to STDERR\n    echo \"error: The sandbox is not in sync with the Podfile.lock. Run 'pod install' or update your CocoaPods installation.\" >&2\n    exit 1\nfi\n# This output is used by Xcode 'outputs' to avoid re-running this script phase.\necho \"SUCCESS\" > \"${SCRIPT_OUTPUT_FILE_0}\"\n";
			showEnvVarsInLog = 0;
		};
/* End PBXShellScriptBuildPhase section */

/* Begin PBXSourcesBuildPhase section */
		95E3376627DA7B6B007F01A9 /* Sources */ = {
			isa = PBXSourcesBuildPhase;
			buildActionMask = 2147483647;
			files = (
				95B0331328CF8D000095CC6F /* MainScreen.swift in Sources */,
				953401E828D362E400B75740 /* CartStepper.swift in Sources */,
				953401DE28D23DB100B75740 /* Koin.swift in Sources */,
				95B0331628CF95EE0095CC6F /* FlowWrapper.swift in Sources */,
				95D2442027DAACEB00B5B5AD /* HomeScreen.swift in Sources */,
				95A8B31028D09D5A005231B9 /* SearchScreen.swift in Sources */,
				95E3376E27DA7B6B007F01A9 /* WCStoreAppApp.swift in Sources */,
				95A8B31528D0BED8005231B9 /* Screen.swift in Sources */,
				953AAE4727DD649400EBCACB /* ProductScreen.swift in Sources */,
				953401E628D3460C00B75740 /* ViewModelProxy.swift in Sources */,
				95969B9F27DF6174005C74F7 /* IOSNavigationManager.swift in Sources */,
				95A8B31328D0ACB4005231B9 /* ProductsList.swift in Sources */,
			);
			runOnlyForDeploymentPostprocessing = 0;
		};
/* End PBXSourcesBuildPhase section */

/* Begin XCBuildConfiguration section */
		95E3377627DA7B6E007F01A9 /* Debug */ = {
			isa = XCBuildConfiguration;
			buildSettings = {
				ALWAYS_SEARCH_USER_PATHS = NO;
				CLANG_ANALYZER_NONNULL = YES;
				CLANG_ANALYZER_NUMBER_OBJECT_CONVERSION = YES_AGGRESSIVE;
				CLANG_CXX_LANGUAGE_STANDARD = "gnu++17";
				CLANG_CXX_LIBRARY = "libc++";
				CLANG_ENABLE_MODULES = YES;
				CLANG_ENABLE_OBJC_ARC = YES;
				CLANG_ENABLE_OBJC_WEAK = YES;
				CLANG_WARN_BLOCK_CAPTURE_AUTORELEASING = YES;
				CLANG_WARN_BOOL_CONVERSION = YES;
				CLANG_WARN_COMMA = YES;
				CLANG_WARN_CONSTANT_CONVERSION = YES;
				CLANG_WARN_DEPRECATED_OBJC_IMPLEMENTATIONS = YES;
				CLANG_WARN_DIRECT_OBJC_ISA_USAGE = YES_ERROR;
				CLANG_WARN_DOCUMENTATION_COMMENTS = YES;
				CLANG_WARN_EMPTY_BODY = YES;
				CLANG_WARN_ENUM_CONVERSION = YES;
				CLANG_WARN_INFINITE_RECURSION = YES;
				CLANG_WARN_INT_CONVERSION = YES;
				CLANG_WARN_NON_LITERAL_NULL_CONVERSION = YES;
				CLANG_WARN_OBJC_IMPLICIT_RETAIN_SELF = YES;
				CLANG_WARN_OBJC_LITERAL_CONVERSION = YES;
				CLANG_WARN_OBJC_ROOT_CLASS = YES_ERROR;
				CLANG_WARN_QUOTED_INCLUDE_IN_FRAMEWORK_HEADER = YES;
				CLANG_WARN_RANGE_LOOP_ANALYSIS = YES;
				CLANG_WARN_STRICT_PROTOTYPES = YES;
				CLANG_WARN_SUSPICIOUS_MOVE = YES;
				CLANG_WARN_UNGUARDED_AVAILABILITY = YES_AGGRESSIVE;
				CLANG_WARN_UNREACHABLE_CODE = YES;
				CLANG_WARN__DUPLICATE_METHOD_MATCH = YES;
				COPY_PHASE_STRIP = NO;
				DEBUG_INFORMATION_FORMAT = "dwarf-with-dsym";
				ENABLE_STRICT_OBJC_MSGSEND = YES;
				ENABLE_TESTABILITY = YES;
				GCC_C_LANGUAGE_STANDARD = gnu11;
				GCC_DYNAMIC_NO_PIC = NO;
				GCC_NO_COMMON_BLOCKS = YES;
				GCC_OPTIMIZATION_LEVEL = 0;
				GCC_PREPROCESSOR_DEFINITIONS = (
					"DEBUG=1",
					"$(inherited)",
				);
				GCC_WARN_64_TO_32_BIT_CONVERSION = YES;
				GCC_WARN_ABOUT_RETURN_TYPE = YES_ERROR;
				GCC_WARN_UNDECLARED_SELECTOR = YES;
				GCC_WARN_UNINITIALIZED_AUTOS = YES_AGGRESSIVE;
				GCC_WARN_UNUSED_FUNCTION = YES;
				GCC_WARN_UNUSED_VARIABLE = YES;
				IPHONEOS_DEPLOYMENT_TARGET = 15.0;
				MTL_ENABLE_DEBUG_INFO = INCLUDE_SOURCE;
				MTL_FAST_MATH = YES;
				ONLY_ACTIVE_ARCH = YES;
				OTHER_LDFLAGS = "-lsqlite3";
				SDKROOT = iphoneos;
				SWIFT_ACTIVE_COMPILATION_CONDITIONS = DEBUG;
				SWIFT_OPTIMIZATION_LEVEL = "-Onone";
			};
			name = Debug;
		};
		95E3377727DA7B6E007F01A9 /* Release */ = {
			isa = XCBuildConfiguration;
			buildSettings = {
				ALWAYS_SEARCH_USER_PATHS = NO;
				CLANG_ANALYZER_NONNULL = YES;
				CLANG_ANALYZER_NUMBER_OBJECT_CONVERSION = YES_AGGRESSIVE;
				CLANG_CXX_LANGUAGE_STANDARD = "gnu++17";
				CLANG_CXX_LIBRARY = "libc++";
				CLANG_ENABLE_MODULES = YES;
				CLANG_ENABLE_OBJC_ARC = YES;
				CLANG_ENABLE_OBJC_WEAK = YES;
				CLANG_WARN_BLOCK_CAPTURE_AUTORELEASING = YES;
				CLANG_WARN_BOOL_CONVERSION = YES;
				CLANG_WARN_COMMA = YES;
				CLANG_WARN_CONSTANT_CONVERSION = YES;
				CLANG_WARN_DEPRECATED_OBJC_IMPLEMENTATIONS = YES;
				CLANG_WARN_DIRECT_OBJC_ISA_USAGE = YES_ERROR;
				CLANG_WARN_DOCUMENTATION_COMMENTS = YES;
				CLANG_WARN_EMPTY_BODY = YES;
				CLANG_WARN_ENUM_CONVERSION = YES;
				CLANG_WARN_INFINITE_RECURSION = YES;
				CLANG_WARN_INT_CONVERSION = YES;
				CLANG_WARN_NON_LITERAL_NULL_CONVERSION = YES;
				CLANG_WARN_OBJC_IMPLICIT_RETAIN_SELF = YES;
				CLANG_WARN_OBJC_LITERAL_CONVERSION = YES;
				CLANG_WARN_OBJC_ROOT_CLASS = YES_ERROR;
				CLANG_WARN_QUOTED_INCLUDE_IN_FRAMEWORK_HEADER = YES;
				CLANG_WARN_RANGE_LOOP_ANALYSIS = YES;
				CLANG_WARN_STRICT_PROTOTYPES = YES;
				CLANG_WARN_SUSPICIOUS_MOVE = YES;
				CLANG_WARN_UNGUARDED_AVAILABILITY = YES_AGGRESSIVE;
				CLANG_WARN_UNREACHABLE_CODE = YES;
				CLANG_WARN__DUPLICATE_METHOD_MATCH = YES;
				COPY_PHASE_STRIP = NO;
				DEBUG_INFORMATION_FORMAT = "dwarf-with-dsym";
				ENABLE_NS_ASSERTIONS = NO;
				ENABLE_STRICT_OBJC_MSGSEND = YES;
				GCC_C_LANGUAGE_STANDARD = gnu11;
				GCC_NO_COMMON_BLOCKS = YES;
				GCC_WARN_64_TO_32_BIT_CONVERSION = YES;
				GCC_WARN_ABOUT_RETURN_TYPE = YES_ERROR;
				GCC_WARN_UNDECLARED_SELECTOR = YES;
				GCC_WARN_UNINITIALIZED_AUTOS = YES_AGGRESSIVE;
				GCC_WARN_UNUSED_FUNCTION = YES;
				GCC_WARN_UNUSED_VARIABLE = YES;
				IPHONEOS_DEPLOYMENT_TARGET = 15.0;
				MTL_ENABLE_DEBUG_INFO = NO;
				MTL_FAST_MATH = YES;
				OTHER_LDFLAGS = "-lsqlite3";
				SDKROOT = iphoneos;
				SWIFT_COMPILATION_MODE = wholemodule;
				SWIFT_OPTIMIZATION_LEVEL = "-O";
				VALIDATE_PRODUCT = YES;
			};
			name = Release;
		};
		95E3377927DA7B6E007F01A9 /* Debug */ = {
			isa = XCBuildConfiguration;
			baseConfigurationReference = 7CC653707D5DE508F41F3A55 /* Pods-WCStoreApp.debug.xcconfig */;
			buildSettings = {
				ASSETCATALOG_COMPILER_APPICON_NAME = AppIcon;
				ASSETCATALOG_COMPILER_GLOBAL_ACCENT_COLOR_NAME = AccentColor;
				CODE_SIGN_STYLE = Automatic;
				CURRENT_PROJECT_VERSION = 1;
				DEVELOPMENT_ASSET_PATHS = "\"WCStoreApp/Preview Content\"";
				ENABLE_PREVIEWS = YES;
				GENERATE_INFOPLIST_FILE = YES;
				INFOPLIST_KEY_UIApplicationSceneManifest_Generation = YES;
				INFOPLIST_KEY_UIApplicationSupportsIndirectInputEvents = YES;
				INFOPLIST_KEY_UILaunchScreen_Generation = YES;
				INFOPLIST_KEY_UISupportedInterfaceOrientations_iPad = "UIInterfaceOrientationPortrait UIInterfaceOrientationPortraitUpsideDown UIInterfaceOrientationLandscapeLeft UIInterfaceOrientationLandscapeRight";
				INFOPLIST_KEY_UISupportedInterfaceOrientations_iPhone = "UIInterfaceOrientationPortrait UIInterfaceOrientationLandscapeLeft UIInterfaceOrientationLandscapeRight";
				LD_RUNPATH_SEARCH_PATHS = (
					"$(inherited)",
					"@executable_path/Frameworks",
				);
				MARKETING_VERSION = 1.0;
				PRODUCT_BUNDLE_IDENTIFIER = com.hicham.wcstoreapp.ios;
				PRODUCT_NAME = "$(TARGET_NAME)";
				SWIFT_EMIT_LOC_STRINGS = YES;
				SWIFT_VERSION = 5.0;
				TARGETED_DEVICE_FAMILY = "1,2";
			};
			name = Debug;
		};
		95E3377A27DA7B6E007F01A9 /* Release */ = {
			isa = XCBuildConfiguration;
			baseConfigurationReference = DDF28F2A1714B61B418E906A /* Pods-WCStoreApp.release.xcconfig */;
			buildSettings = {
				ASSETCATALOG_COMPILER_APPICON_NAME = AppIcon;
				ASSETCATALOG_COMPILER_GLOBAL_ACCENT_COLOR_NAME = AccentColor;
				CODE_SIGN_STYLE = Automatic;
				CURRENT_PROJECT_VERSION = 1;
				DEVELOPMENT_ASSET_PATHS = "\"WCStoreApp/Preview Content\"";
				ENABLE_PREVIEWS = YES;
				GENERATE_INFOPLIST_FILE = YES;
				INFOPLIST_KEY_UIApplicationSceneManifest_Generation = YES;
				INFOPLIST_KEY_UIApplicationSupportsIndirectInputEvents = YES;
				INFOPLIST_KEY_UILaunchScreen_Generation = YES;
				INFOPLIST_KEY_UISupportedInterfaceOrientations_iPad = "UIInterfaceOrientationPortrait UIInterfaceOrientationPortraitUpsideDown UIInterfaceOrientationLandscapeLeft UIInterfaceOrientationLandscapeRight";
				INFOPLIST_KEY_UISupportedInterfaceOrientations_iPhone = "UIInterfaceOrientationPortrait UIInterfaceOrientationLandscapeLeft UIInterfaceOrientationLandscapeRight";
				LD_RUNPATH_SEARCH_PATHS = (
					"$(inherited)",
					"@executable_path/Frameworks",
				);
				MARKETING_VERSION = 1.0;
				PRODUCT_BUNDLE_IDENTIFIER = com.hicham.wcstoreapp.ios;
				PRODUCT_NAME = "$(TARGET_NAME)";
				SWIFT_EMIT_LOC_STRINGS = YES;
				SWIFT_VERSION = 5.0;
				TARGETED_DEVICE_FAMILY = "1,2";
			};
			name = Release;
		};
/* End XCBuildConfiguration section */

/* Begin XCConfigurationList section */
		95E3376527DA7B6B007F01A9 /* Build configuration list for PBXProject "WCStoreApp" */ = {
			isa = XCConfigurationList;
			buildConfigurations = (
				95E3377627DA7B6E007F01A9 /* Debug */,
				95E3377727DA7B6E007F01A9 /* Release */,
			);
			defaultConfigurationIsVisible = 0;
			defaultConfigurationName = Release;
		};
		95E3377827DA7B6E007F01A9 /* Build configuration list for PBXNativeTarget "WCStoreApp" */ = {
			isa = XCConfigurationList;
			buildConfigurations = (
				95E3377927DA7B6E007F01A9 /* Debug */,
				95E3377A27DA7B6E007F01A9 /* Release */,
			);
			defaultConfigurationIsVisible = 0;
			defaultConfigurationName = Release;
		};
/* End XCConfigurationList section */
	};
	rootObject = 95E3376227DA7B6B007F01A9 /* Project object */;
}
