PODS:
  - KMPNativeCoroutinesCombine (0.11.3):
    - KMPNativeCoroutinesCore (= 0.11.3)
  - KMPNativeCoroutinesCore (0.11.3)
  - shared (1.0)

DEPENDENCIES:
  - KMPNativeCoroutinesCombine
  - shared (from `../shared`)

SPEC REPOS:
  trunk:
    - KMPNativeCoroutinesCombine
    - KMPNativeCoroutinesCore

EXTERNAL SOURCES:
  shared:
    :path: "../shared"

SPEC CHECKSUMS:
  KMPNativeCoroutinesCombine: eb605c5d8315a2f3d046767c3b733887009cc5de
  KMPNativeCoroutinesCore: 28d42a3a801ce4d5be75e01a7f227462c529a127
  shared: 41d14110fee8893b131e1b730829232bbc49f601

PODFILE CHECKSUM: 9d78ea3d175478bf55b2a89f517525c366c2ce2b

COCOAPODS: 1.11.2
